{
  "name": "books-project",
  "version": "1.0.0",
  "lockfileVersion": 3,
  "requires": true,
  "packages": {
    "": {
      "name": "books-project",
      "version": "1.0.0",
      "hasInstallScript": true,
      "license": "ISC",
      "dependencies": {
        "books-project": "file:"
      }
    },
    "node_modules/books-project": {
      "resolved": "",
      "link": true
    }
  }
}
